
Microsoft Visual Studio Solution File, Format Version 12.00
# Visual Studio Version 16
VisualStudioVersion = 16.0.33529.622
MinimumVisualStudioVersion = 10.0.40219.1
Project("{9A19103F-16F7-4668-BE54-9A1E7A4F7556}") = "WebApi", "WebApi\WebApi.csproj", "{4587FE19-9AB3-4BD5-9F55-D809BA2A84C2}"
EndProject
Project("{2150E333-8FDC-42A3-9474-1A3956D46DE8}") = "Services", "Services", "{4DA8A89C-0604-499C-94DA-744C66719DF6}"
EndProject
Project("{9A19103F-16F7-4668-BE54-9A1E7A4F7556}") = "SimpleLearn.TutorialController", "SimpleLearn.TutorialController\SimpleLearn.TutorialController.csproj", "{89C18EFA-CCAD-492C-9983-604B59D18B36}"
EndProject
Project("{2150E333-8FDC-42A3-9474-1A3956D46DE8}") = "Web", "Web", "{0DDA6C48-9BA1-4F38-80F3-8C51DE021ACB}"
EndProject
Project("{2150E333-8FDC-42A3-9474-1A3956D46DE8}") = "Shared", "Shared", "{D55BAE40-5842-4379-B647-022EA01CB455}"
EndProject
Project("{9A19103F-16F7-4668-BE54-9A1E7A4F7556}") = "SimpleLearn.WebApi.Common", "SimpleLearn.WebApi.Common\SimpleLearn.WebApi.Common.csproj", "{E4582B49-F4D5-4A19-B617-C3591ED5C085}"
EndProject
Project("{2150E333-8FDC-42A3-9474-1A3956D46DE8}") = "Common", "Common", "{20EE659C-7704-4F8B-81AD-0D321B807E81}"
EndProject
Project("{2150E333-8FDC-42A3-9474-1A3956D46DE8}") = "Domain", "Domain", "{997CE98B-C5EE-4281-8E48-163AA11DFAF2}"
EndProject
Project("{9A19103F-16F7-4668-BE54-9A1E7A4F7556}") = "SimpleLearn.Data", "SimpleLearn.Data\SimpleLearn.Data.csproj", "{58F890FC-345D-4323-85D8-2D351208A1FE}"
EndProject
Project("{2150E333-8FDC-42A3-9474-1A3956D46DE8}") = "Common", "Common", "{9B89968C-1C01-4859-8C69-33ED72FDF291}"
EndProject
Project("{FAE04EC0-301F-11D3-BF4B-00C04F79EFBC}") = "SimpleLearn.Services.Common", "SimpleLearn.Services.Common\SimpleLearn.Services.Common.csproj", "{40DC6B23-164C-48F8-A189-43B2B3016FE0}"
EndProject
Global
	GlobalSection(SolutionConfigurationPlatforms) = preSolution
		Debug|Any CPU = Debug|Any CPU
		Release|Any CPU = Release|Any CPU
	EndGlobalSection
	GlobalSection(ProjectConfigurationPlatforms) = postSolution
		{4587FE19-9AB3-4BD5-9F55-D809BA2A84C2}.Debug|Any CPU.ActiveCfg = Debug|Any CPU
		{4587FE19-9AB3-4BD5-9F55-D809BA2A84C2}.Debug|Any CPU.Build.0 = Debug|Any CPU
		{4587FE19-9AB3-4BD5-9F55-D809BA2A84C2}.Release|Any CPU.ActiveCfg = Release|Any CPU
		{4587FE19-9AB3-4BD5-9F55-D809BA2A84C2}.Release|Any CPU.Build.0 = Release|Any CPU
		{89C18EFA-CCAD-492C-9983-604B59D18B36}.Debug|Any CPU.ActiveCfg = Debug|Any CPU
		{89C18EFA-CCAD-492C-9983-604B59D18B36}.Debug|Any CPU.Build.0 = Debug|Any CPU
		{89C18EFA-CCAD-492C-9983-604B59D18B36}.Release|Any CPU.ActiveCfg = Release|Any CPU
		{89C18EFA-CCAD-492C-9983-604B59D18B36}.Release|Any CPU.Build.0 = Release|Any CPU
		{E4582B49-F4D5-4A19-B617-C3591ED5C085}.Debug|Any CPU.ActiveCfg = Debug|Any CPU
		{E4582B49-F4D5-4A19-B617-C3591ED5C085}.Debug|Any CPU.Build.0 = Debug|Any CPU
		{E4582B49-F4D5-4A19-B617-C3591ED5C085}.Release|Any CPU.ActiveCfg = Release|Any CPU
		{E4582B49-F4D5-4A19-B617-C3591ED5C085}.Release|Any CPU.Build.0 = Release|Any CPU
		{58F890FC-345D-4323-85D8-2D351208A1FE}.Debug|Any CPU.ActiveCfg = Debug|Any CPU
		{58F890FC-345D-4323-85D8-2D351208A1FE}.Debug|Any CPU.Build.0 = Debug|Any CPU
		{58F890FC-345D-4323-85D8-2D351208A1FE}.Release|Any CPU.ActiveCfg = Release|Any CPU
		{58F890FC-345D-4323-85D8-2D351208A1FE}.Release|Any CPU.Build.0 = Release|Any CPU
		{40DC6B23-164C-48F8-A189-43B2B3016FE0}.Debug|Any CPU.ActiveCfg = Debug|Any CPU
		{40DC6B23-164C-48F8-A189-43B2B3016FE0}.Debug|Any CPU.Build.0 = Debug|Any CPU
		{40DC6B23-164C-48F8-A189-43B2B3016FE0}.Release|Any CPU.ActiveCfg = Release|Any CPU
		{40DC6B23-164C-48F8-A189-43B2B3016FE0}.Release|Any CPU.Build.0 = Release|Any CPU
	EndGlobalSection
	GlobalSection(SolutionProperties) = preSolution
		HideSolutionNode = FALSE
	EndGlobalSection
	GlobalSection(NestedProjects) = preSolution
		{4587FE19-9AB3-4BD5-9F55-D809BA2A84C2} = {0DDA6C48-9BA1-4F38-80F3-8C51DE021ACB}
		{89C18EFA-CCAD-492C-9983-604B59D18B36} = {4DA8A89C-0604-499C-94DA-744C66719DF6}
		{D55BAE40-5842-4379-B647-022EA01CB455} = {0DDA6C48-9BA1-4F38-80F3-8C51DE021ACB}
		{E4582B49-F4D5-4A19-B617-C3591ED5C085} = {D55BAE40-5842-4379-B647-022EA01CB455}
		{58F890FC-345D-4323-85D8-2D351208A1FE} = {997CE98B-C5EE-4281-8E48-163AA11DFAF2}
		{9B89968C-1C01-4859-8C69-33ED72FDF291} = {4DA8A89C-0604-499C-94DA-744C66719DF6}
		{40DC6B23-164C-48F8-A189-43B2B3016FE0} = {9B89968C-1C01-4859-8C69-33ED72FDF291}
	EndGlobalSection
	GlobalSection(ExtensibilityGlobals) = postSolution
		SolutionGuid = {ABADF28C-6AE8-41ED-8D9F-317EBB5FDB62}
	EndGlobalSection
EndGlobal
